
Microsoft Visual Studio Solution File, Format Version 12.00
# Visual Studio 15
VisualStudioVersion = 15.0.27428.2015
MinimumVisualStudioVersion = 10.0.40219.1
Project("{FAE04EC0-301F-11D3-BF4B-00C04F79EFBC}") = "CarInventory", "CarInventory\CarInventory.csproj", "{09F5DEA1-4974-4584-8384-06874409CEA8}"
EndProject
Global
	GlobalSection(SolutionConfigurationPlatforms) = preSolution
		Debug|Any CPU = Debug|Any CPU
		Release|Any CPU = Release|Any CPU
	EndGlobalSection
	GlobalSection(ProjectConfigurationPlatforms) = postSolution
		{09F5DEA1-4974-4584-8384-06874409CEA8}.Debug|Any CPU.ActiveCfg = Debug|Any CPU
		{09F5DEA1-4974-4584-8384-06874409CEA8}.Debug|Any CPU.Build.0 = Debug|Any CPU
		{09F5DEA1-4974-4584-8384-06874409CEA8}.Release|Any CPU.ActiveCfg = Release|Any CPU
		{09F5DEA1-4974-4584-8384-06874409CEA8}.Release|Any CPU.Build.0 = Release|Any CPU
	EndGlobalSection
	GlobalSection(SolutionProperties) = preSolution
		HideSolutionNode = FALSE
	EndGlobalSection
	GlobalSection(ExtensibilityGlobals) = postSolution
		SolutionGuid = {1A27438D-2683-475F-8A80-38EED4CB4517}
	EndGlobalSection
EndGlobal
